
Microsoft Visual Studio Solution File, Format Version 12.00
# Visual Studio Version 17
VisualStudioVersion = 17.4.33213.308
MinimumVisualStudioVersion = 10.0.40219.1
Project("{FAE04EC0-301F-11D3-BF4B-00C04F79EFBC}") = "MyFriends", "MyFriends\MyFriends.csproj", "{C37B0FB2-C6D0-4A49-B80F-73AD87B97E9C}"
EndProject
Project("{FAE04EC0-301F-11D3-BF4B-00C04F79EFBC}") = "MODEL", "MODEL\MODEL.csproj", "{C1758FED-B31E-4BE9-98B7-7261BE8436CA}"
EndProject
Project("{FAE04EC0-301F-11D3-BF4B-00C04F79EFBC}") = "HELPER", "HELPER\HELPER.csproj", "{DBF18B87-179C-4341-B595-58A1D3CB4336}"
EndProject
Project("{FAE04EC0-301F-11D3-BF4B-00C04F79EFBC}") = "DAL", "DAL\DAL.csproj", "{529B8906-FF52-4B0C-8001-19CCAB7455AF}"
EndProject
Global
	GlobalSection(SolutionConfigurationPlatforms) = preSolution
		Debug|Any CPU = Debug|Any CPU
		Release|Any CPU = Release|Any CPU
	EndGlobalSection
	GlobalSection(ProjectConfigurationPlatforms) = postSolution
		{C37B0FB2-C6D0-4A49-B80F-73AD87B97E9C}.Debug|Any CPU.ActiveCfg = Debug|Any CPU
		{C37B0FB2-C6D0-4A49-B80F-73AD87B97E9C}.Debug|Any CPU.Build.0 = Debug|Any CPU
		{C37B0FB2-C6D0-4A49-B80F-73AD87B97E9C}.Debug|Any CPU.Deploy.0 = Debug|Any CPU
		{C37B0FB2-C6D0-4A49-B80F-73AD87B97E9C}.Release|Any CPU.ActiveCfg = Release|Any CPU
		{C37B0FB2-C6D0-4A49-B80F-73AD87B97E9C}.Release|Any CPU.Build.0 = Release|Any CPU
		{C37B0FB2-C6D0-4A49-B80F-73AD87B97E9C}.Release|Any CPU.Deploy.0 = Release|Any CPU
		{C1758FED-B31E-4BE9-98B7-7261BE8436CA}.Debug|Any CPU.ActiveCfg = Debug|Any CPU
		{C1758FED-B31E-4BE9-98B7-7261BE8436CA}.Debug|Any CPU.Build.0 = Debug|Any CPU
		{C1758FED-B31E-4BE9-98B7-7261BE8436CA}.Release|Any CPU.ActiveCfg = Release|Any CPU
		{C1758FED-B31E-4BE9-98B7-7261BE8436CA}.Release|Any CPU.Build.0 = Release|Any CPU
		{DBF18B87-179C-4341-B595-58A1D3CB4336}.Debug|Any CPU.ActiveCfg = Debug|Any CPU
		{DBF18B87-179C-4341-B595-58A1D3CB4336}.Debug|Any CPU.Build.0 = Debug|Any CPU
		{DBF18B87-179C-4341-B595-58A1D3CB4336}.Release|Any CPU.ActiveCfg = Release|Any CPU
		{DBF18B87-179C-4341-B595-58A1D3CB4336}.Release|Any CPU.Build.0 = Release|Any CPU
		{529B8906-FF52-4B0C-8001-19CCAB7455AF}.Debug|Any CPU.ActiveCfg = Debug|Any CPU
		{529B8906-FF52-4B0C-8001-19CCAB7455AF}.Debug|Any CPU.Build.0 = Debug|Any CPU
		{529B8906-FF52-4B0C-8001-19CCAB7455AF}.Release|Any CPU.ActiveCfg = Release|Any CPU
		{529B8906-FF52-4B0C-8001-19CCAB7455AF}.Release|Any CPU.Build.0 = Release|Any CPU
	EndGlobalSection
	GlobalSection(SolutionProperties) = preSolution
		HideSolutionNode = FALSE
	EndGlobalSection
	GlobalSection(ExtensibilityGlobals) = postSolution
		SolutionGuid = {498D97DB-F1F7-4D17-A831-F8D03EAFAFF0}
	EndGlobalSection
EndGlobal
